Microsoft Visual Studio Solution File, Format Version 12.00
# Visual Studio Version 17
VisualStudioVersion = 17.0.31825.309
MinimumVisualStudioVersion = 10.0.40219.1
Project("{2150E333-8FDC-42A3-9474-1A3956D46DE8}") = ".root", ".root", "{2F337CB6-0B9E-4765-A277-487E429DE9F1}"
	ProjectSection(SolutionItems) = preProject
		.editorconfig = .editorconfig
		.gitattributes = .gitattributes
		.gitignore = .gitignore
		build.cmd = build.cmd
		build.sh = build.sh
		Directory.Build.props = Directory.Build.props
		Directory.Build.targets = Directory.Build.targets
		Directory.Packages.props = Directory.Packages.props
		global.json = global.json
		LICENSE.md = LICENSE.md
		NuGet.config = NuGet.config
		pack.cmd = pack.cmd
		pack.sh = pack.sh
		restore.cmd = restore.cmd
		restore.sh = restore.sh
		TerraFX.snk = TerraFX.snk
		test.cmd = test.cmd
		test.sh = test.sh
	EndProjectSection
EndProject
Project("{2150E333-8FDC-42A3-9474-1A3956D46DE8}") = "docs", "docs", "{8793898A-6542-4606-AA82-AB14151D2D20}"
	ProjectSection(SolutionItems) = preProject
		docs\CODEOWNERS = docs\CODEOWNERS
		docs\CODE_OF_CONDUCT.md = docs\CODE_OF_CONDUCT.md
		docs\CONTRIBUTING.md = docs\CONTRIBUTING.md
		docs\ISSUE_TEMPLATE.md = docs\ISSUE_TEMPLATE.md
		docs\PULL_REQUEST_TEMPLATE.md = docs\PULL_REQUEST_TEMPLATE.md
		docs\README.md = docs\README.md
	EndProjectSection
EndProject
Project("{2150E333-8FDC-42A3-9474-1A3956D46DE8}") = "sources", "sources", "{0B821858-8E47-4485-AC06-D2E971A53EB2}"
	ProjectSection(SolutionItems) = preProject
		sources\Directory.Build.props = sources\Directory.Build.props
		sources\Directory.Build.targets = sources\Directory.Build.targets
	EndProjectSection
EndProject
Project("{2150E333-8FDC-42A3-9474-1A3956D46DE8}") = "Interop", "Interop", "{70FBCFD9-B96E-4E72-B35C-681D9B2DA3D6}"
	ProjectSection(SolutionItems) = preProject
		sources\Interop\.editorconfig = sources\Interop\.editorconfig
	EndProjectSection
EndProject
Project("{2150E333-8FDC-42A3-9474-1A3956D46DE8}") = "Vulkan", "Vulkan", "{06A829AF-9408-4ACC-9A1E-F23B7F719BD5}"
EndProject
Project("{9A19103F-16F7-4668-BE54-9A1E7A4F7556}") = "TerraFX.Interop.Vulkan", "sources\Interop\Vulkan\TerraFX.Interop.Vulkan.csproj", "{C524FB60-CF37-47B5-83DF-5352900AF5D5}"
EndProject
Project("{2150E333-8FDC-42A3-9474-1A3956D46DE8}") = "tests", "tests", "{EFB05081-EC44-49D3-B6D1-52AE42085B5B}"
	ProjectSection(SolutionItems) = preProject
		tests\Directory.Build.props = tests\Directory.Build.props
		tests\Directory.Build.targets = tests\Directory.Build.targets
	EndProjectSection
EndProject
Project("{2150E333-8FDC-42A3-9474-1A3956D46DE8}") = "Interop", "Interop", "{7E31C739-2787-44ED-8304-7EFCEE1A2B2C}"
	ProjectSection(SolutionItems) = preProject
		tests\Interop\.editorconfig = tests\Interop\.editorconfig
	EndProjectSection
EndProject
Project("{2150E333-8FDC-42A3-9474-1A3956D46DE8}") = "Vulkan", "Vulkan", "{2BB35CA0-985E-48D6-B849-A083C15F7F5D}"
EndProject
Project("{9A19103F-16F7-4668-BE54-9A1E7A4F7556}") = "TerraFX.Interop.Vulkan.UnitTests", "tests\Interop\Vulkan\TerraFX.Interop.Vulkan.UnitTests.csproj", "{36F3B9F5-C894-421F-AAB2-20455380E779}"
EndProject
Project("{2150E333-8FDC-42A3-9474-1A3956D46DE8}") = "scripts", "scripts", "{48E1F49D-7103-4DE6-9F69-915183B85095}"
	ProjectSection(SolutionItems) = preProject
		scripts\build.ps1 = scripts\build.ps1
		scripts\build.sh = scripts\build.sh
		scripts\cibuild.cmd = scripts\cibuild.cmd
		scripts\cibuild.sh = scripts\cibuild.sh
	EndProjectSection
EndProject
Project("{2150E333-8FDC-42A3-9474-1A3956D46DE8}") = "generation", "generation", "{7AA74179-9EED-497D-83D1-ECDA0DDFA6F7}"
	ProjectSection(SolutionItems) = preProject
		generation\remap-classes.rsp = generation\remap-classes.rsp
		generation\remap-handles.rsp = generation\remap-handles.rsp
		generation\remap-imports.rsp = generation\remap-imports.rsp
		generation\remap-structs.rsp = generation\remap-structs.rsp
		generation\remap-transparent.rsp = generation\remap-transparent.rsp
		generation\remap-types.rsp = generation\remap-types.rsp
		generation\remap.rsp = generation\remap.rsp
		generation\settings.rsp = generation\settings.rsp
	EndProjectSection
EndProject
Project("{2150E333-8FDC-42A3-9474-1A3956D46DE8}") = "vk_icd", "vk_icd", "{5C8448A5-FFD6-4E71-BD87-F22279A5EFE4}"
	ProjectSection(SolutionItems) = preProject
		generation\Vulkan\vulkan\vk_icd\generate.rsp = generation\Vulkan\vulkan\vk_icd\generate.rsp
		generation\Vulkan\vulkan\vk_icd\header.txt = generation\Vulkan\vulkan\vk_icd\header.txt
		generation\Vulkan\vulkan\vk_icd\vulkan-vk_icd.h = generation\Vulkan\vulkan\vk_icd\vulkan-vk_icd.h
	EndProjectSection
EndProject
Project("{2150E333-8FDC-42A3-9474-1A3956D46DE8}") = "vk_layer", "vk_layer", "{3B55A37B-0519-40BC-9338-1483B0C13AD2}"
	ProjectSection(SolutionItems) = preProject
		generation\Vulkan\vulkan\vk_layer\generate.rsp = generation\Vulkan\vulkan\vk_layer\generate.rsp
		generation\Vulkan\vulkan\vk_layer\header.txt = generation\Vulkan\vulkan\vk_layer\header.txt
		generation\Vulkan\vulkan\vk_layer\vulkan-vk_layer.h = generation\Vulkan\vulkan\vk_layer\vulkan-vk_layer.h
	EndProjectSection
EndProject
Project("{2150E333-8FDC-42A3-9474-1A3956D46DE8}") = "vulkan_android", "vulkan_android", "{AE1C8774-7178-4627-99DA-8C5109C29499}"
	ProjectSection(SolutionItems) = preProject
		generation\Vulkan\vulkan\vulkan_android\generate.rsp = generation\Vulkan\vulkan\vulkan_android\generate.rsp
		generation\Vulkan\vulkan\vulkan_android\header.txt = generation\Vulkan\vulkan\vulkan_android\header.txt
		generation\Vulkan\vulkan\vulkan_android\vulkan-vulkan_android.h = generation\Vulkan\vulkan\vulkan_android\vulkan-vulkan_android.h
	EndProjectSection
EndProject
Project("{2150E333-8FDC-42A3-9474-1A3956D46DE8}") = "vulkan_core", "vulkan_core", "{356D5A76-2073-4838-BC96-5A86072E84CF}"
	ProjectSection(SolutionItems) = preProject
		generation\Vulkan\vulkan\vulkan_core\generate.rsp = generation\Vulkan\vulkan\vulkan_core\generate.rsp
		generation\Vulkan\vulkan\vulkan_core\header.txt = generation\Vulkan\vulkan\vulkan_core\header.txt
		generation\Vulkan\vulkan\vulkan_core\vulkan-vulkan_core.h = generation\Vulkan\vulkan\vulkan_core\vulkan-vulkan_core.h
	EndProjectSection
EndProject
Project("{2150E333-8FDC-42A3-9474-1A3956D46DE8}") = "vulkan_fuchsia", "vulkan_fuchsia", "{686211F7-8AEB-45EA-83E6-3BAC23CE1FC0}"
	ProjectSection(SolutionItems) = preProject
		generation\Vulkan\vulkan\vulkan_fuchsia\generate.rsp = generation\Vulkan\vulkan\vulkan_fuchsia\generate.rsp
		generation\Vulkan\vulkan\vulkan_fuchsia\header.txt = generation\Vulkan\vulkan\vulkan_fuchsia\header.txt
		generation\Vulkan\vulkan\vulkan_fuchsia\vulkan-vulkan_fuchsia.h = generation\Vulkan\vulkan\vulkan_fuchsia\vulkan-vulkan_fuchsia.h
	EndProjectSection
EndProject
Project("{2150E333-8FDC-42A3-9474-1A3956D46DE8}") = "vulkan_ios", "vulkan_ios", "{2551C4D8-775C-4A75-A5BB-5528530D55B4}"
	ProjectSection(SolutionItems) = preProject
		generation\Vulkan\vulkan\vulkan_ios\generate.rsp = generation\Vulkan\vulkan\vulkan_ios\generate.rsp
		generation\Vulkan\vulkan\vulkan_ios\header.txt = generation\Vulkan\vulkan\vulkan_ios\header.txt
		generation\Vulkan\vulkan\vulkan_ios\vulkan-vulkan_ios.h = generation\Vulkan\vulkan\vulkan_ios\vulkan-vulkan_ios.h
	EndProjectSection
EndProject
Project("{2150E333-8FDC-42A3-9474-1A3956D46DE8}") = "vulkan_macos", "vulkan_macos", "{68AB09B3-9C88-45FB-A8BF-693C15A8DD28}"
	ProjectSection(SolutionItems) = preProject
		generation\Vulkan\vulkan\vulkan_macos\generate.rsp = generation\Vulkan\vulkan\vulkan_macos\generate.rsp
		generation\Vulkan\vulkan\vulkan_macos\header.txt = generation\Vulkan\vulkan\vulkan_macos\header.txt
		generation\Vulkan\vulkan\vulkan_macos\vulkan-vulkan_macos.h = generation\Vulkan\vulkan\vulkan_macos\vulkan-vulkan_macos.h
	EndProjectSection
EndProject
Project("{2150E333-8FDC-42A3-9474-1A3956D46DE8}") = "vulkan_metal", "vulkan_metal", "{5D60FBC6-5D94-480C-9627-E9D68CE843EF}"
	ProjectSection(SolutionItems) = preProject
		generation\Vulkan\vulkan\vulkan_metal\generate.rsp = generation\Vulkan\vulkan\vulkan_metal\generate.rsp
		generation\Vulkan\vulkan\vulkan_metal\header.txt = generation\Vulkan\vulkan\vulkan_metal\header.txt
		generation\Vulkan\vulkan\vulkan_metal\vulkan-vulkan_metal.h = generation\Vulkan\vulkan\vulkan_metal\vulkan-vulkan_metal.h
	EndProjectSection
EndProject
Project("{2150E333-8FDC-42A3-9474-1A3956D46DE8}") = "vulkan_vi", "vulkan_vi", "{111DC295-53D5-409C-B7E9-8C488196FC72}"
	ProjectSection(SolutionItems) = preProject
		generation\Vulkan\vulkan\vulkan_vi\generate.rsp = generation\Vulkan\vulkan\vulkan_vi\generate.rsp
		generation\Vulkan\vulkan\vulkan_vi\header.txt = generation\Vulkan\vulkan\vulkan_vi\header.txt
		generation\Vulkan\vulkan\vulkan_vi\vulkan-vulkan_vi.h = generation\Vulkan\vulkan\vulkan_vi\vulkan-vulkan_vi.h
	EndProjectSection
EndProject
Project("{2150E333-8FDC-42A3-9474-1A3956D46DE8}") = "vulkan_wayland", "vulkan_wayland", "{BBE2D0C0-5813-4085-B0A5-B5442C165316}"
	ProjectSection(SolutionItems) = preProject
		generation\Vulkan\vulkan\vulkan_wayland\generate.rsp = generation\Vulkan\vulkan\vulkan_wayland\generate.rsp
		generation\Vulkan\vulkan\vulkan_wayland\header.txt = generation\Vulkan\vulkan\vulkan_wayland\header.txt
		generation\Vulkan\vulkan\vulkan_wayland\vulkan-vulkan_wayland.h = generation\Vulkan\vulkan\vulkan_wayland\vulkan-vulkan_wayland.h
	EndProjectSection
EndProject
Project("{2150E333-8FDC-42A3-9474-1A3956D46DE8}") = "vulkan_win32", "vulkan_win32", "{0D57A385-E69C-4F88-910B-DD346172C9EE}"
	ProjectSection(SolutionItems) = preProject
		generation\Vulkan\vulkan\vulkan_win32\generate.rsp = generation\Vulkan\vulkan\vulkan_win32\generate.rsp
		generation\Vulkan\vulkan\vulkan_win32\header.txt = generation\Vulkan\vulkan\vulkan_win32\header.txt
		generation\Vulkan\vulkan\vulkan_win32\vulkan-vulkan_win32.h = generation\Vulkan\vulkan\vulkan_win32\vulkan-vulkan_win32.h
	EndProjectSection
EndProject
Project("{2150E333-8FDC-42A3-9474-1A3956D46DE8}") = "vulkan_xlib", "vulkan_xlib", "{14012392-945B-4E64-94FF-A043FE035F0B}"
	ProjectSection(SolutionItems) = preProject
		generation\Vulkan\vulkan\vulkan_xlib\generate.rsp = generation\Vulkan\vulkan\vulkan_xlib\generate.rsp
		generation\Vulkan\vulkan\vulkan_xlib\header.txt = generation\Vulkan\vulkan\vulkan_xlib\header.txt
		generation\Vulkan\vulkan\vulkan_xlib\vulkan-vulkan_xlib.h = generation\Vulkan\vulkan\vulkan_xlib\vulkan-vulkan_xlib.h
	EndProjectSection
EndProject
Project("{2150E333-8FDC-42A3-9474-1A3956D46DE8}") = "vulkan_xcb", "vulkan_xcb", "{AFB2FD31-9D96-49AE-BFA3-A1A3150AE386}"
	ProjectSection(SolutionItems) = preProject
		generation\Vulkan\vulkan\vulkan_xcb\generate.rsp = generation\Vulkan\vulkan\vulkan_xcb\generate.rsp
		generation\Vulkan\vulkan\vulkan_xcb\header.txt = generation\Vulkan\vulkan\vulkan_xcb\header.txt
		generation\Vulkan\vulkan\vulkan_xcb\vulkan-vulkan_xcb.h = generation\Vulkan\vulkan\vulkan_xcb\vulkan-vulkan_xcb.h
	EndProjectSection
EndProject
Project("{2150E333-8FDC-42A3-9474-1A3956D46DE8}") = "vulkan_xlib_xrandr", "vulkan_xlib_xrandr", "{CE39443C-CC77-4C5C-A90C-DED73C9F7C61}"
	ProjectSection(SolutionItems) = preProject
		generation\Vulkan\vulkan\vulkan_xlib_xrandr\generate.rsp = generation\Vulkan\vulkan\vulkan_xlib_xrandr\generate.rsp
		generation\Vulkan\vulkan\vulkan_xlib_xrandr\header.txt = generation\Vulkan\vulkan\vulkan_xlib_xrandr\header.txt
		generation\Vulkan\vulkan\vulkan_xlib_xrandr\vulkan-vulkan_xlib_xrandr.h = generation\Vulkan\vulkan\vulkan_xlib_xrandr\vulkan-vulkan_xlib_xrandr.h
	EndProjectSection
EndProject
Project("{2150E333-8FDC-42A3-9474-1A3956D46DE8}") = "vk_platform", "vk_platform", "{5D5E3163-5BDB-4E6B-998D-4C1F5790D600}"
	ProjectSection(SolutionItems) = preProject
		generation\Vulkan\vulkan\vk_platform\generate.rsp = generation\Vulkan\vulkan\vk_platform\generate.rsp
		generation\Vulkan\vulkan\vk_platform\header.txt = generation\Vulkan\vulkan\vk_platform\header.txt
		generation\Vulkan\vulkan\vk_platform\vulkan-vk_platform.h = generation\Vulkan\vulkan\vk_platform\vulkan-vk_platform.h
	EndProjectSection
EndProject
Project("{2150E333-8FDC-42A3-9474-1A3956D46DE8}") = "vulkan", "vulkan", "{00908E61-6A74-478C-ABD1-EA9A04587A42}"
	ProjectSection(SolutionItems) = preProject
		generation\Vulkan\vulkan\vulkan\generate.rsp = generation\Vulkan\vulkan\vulkan\generate.rsp
		generation\Vulkan\vulkan\vulkan\header.txt = generation\Vulkan\vulkan\vulkan\header.txt
		generation\Vulkan\vulkan\vulkan\vulkan-vulkan.h = generation\Vulkan\vulkan\vulkan\vulkan-vulkan.h
	EndProjectSection
EndProject
Project("{2150E333-8FDC-42A3-9474-1A3956D46DE8}") = "vulkan_beta", "vulkan_beta", "{5C3C3DDA-9D36-4B31-AF01-175E1381FA32}"
	ProjectSection(SolutionItems) = preProject
		generation\Vulkan\vulkan\vulkan_beta\generate.rsp = generation\Vulkan\vulkan\vulkan_beta\generate.rsp
		generation\Vulkan\vulkan\vulkan_beta\header.txt = generation\Vulkan\vulkan\vulkan_beta\header.txt
		generation\Vulkan\vulkan\vulkan_beta\vulkan-vulkan_beta.h = generation\Vulkan\vulkan\vulkan_beta\vulkan-vulkan_beta.h
	EndProjectSection
EndProject
Project("{2150E333-8FDC-42A3-9474-1A3956D46DE8}") = "vulkan_ggp", "vulkan_ggp", "{0BF30806-FF4A-43D5-9D38-77F44BD727E2}"
	ProjectSection(SolutionItems) = preProject
		generation\Vulkan\vulkan\vulkan_ggp\generate.rsp = generation\Vulkan\vulkan\vulkan_ggp\generate.rsp
		generation\Vulkan\vulkan\vulkan_ggp\header.txt = generation\Vulkan\vulkan\vulkan_ggp\header.txt
		generation\Vulkan\vulkan\vulkan_ggp\vulkan-vulkan_ggp.h = generation\Vulkan\vulkan\vulkan_ggp\vulkan-vulkan_ggp.h
	EndProjectSection
EndProject
Project("{2150E333-8FDC-42A3-9474-1A3956D46DE8}") = ".github", ".github", "{8B98276D-AB81-4492-81E3-BAB8F9494A99}"
EndProject
Project("{2150E333-8FDC-42A3-9474-1A3956D46DE8}") = "workflows", "workflows", "{6B66365D-63B7-4988-89D3-58AB7F372854}"
	ProjectSection(SolutionItems) = preProject
		.github\workflows\ci.yml = .github\workflows\ci.yml
	EndProjectSection
EndProject
Project("{2150E333-8FDC-42A3-9474-1A3956D46DE8}") = "vulkan_directfb", "vulkan_directfb", "{D2B26392-2F4C-4A6D-AAC9-3DB9F74C0CE9}"
	ProjectSection(SolutionItems) = preProject
		generation\Vulkan\vulkan\vulkan_directfb\generate.rsp = generation\Vulkan\vulkan\vulkan_directfb\generate.rsp
		generation\Vulkan\vulkan\vulkan_directfb\header.txt = generation\Vulkan\vulkan\vulkan_directfb\header.txt
		generation\Vulkan\vulkan\vulkan_directfb\vulkan-vulkan_directfb.h = generation\Vulkan\vulkan\vulkan_directfb\vulkan-vulkan_directfb.h
	EndProjectSection
EndProject
Project("{2150E333-8FDC-42A3-9474-1A3956D46DE8}") = "vulkan", "vulkan", "{A60F8633-35FC-4F61-A42A-420ED1BEB2DB}"
EndProject
Project("{2150E333-8FDC-42A3-9474-1A3956D46DE8}") = "vulkan_screen", "vulkan_screen", "{277EB067-C8D5-4766-B3AA-BFBCFD06C984}"
	ProjectSection(SolutionItems) = preProject
		generation\Vulkan\vulkan\vulkan_screen\generate.rsp = generation\Vulkan\vulkan\vulkan_screen\generate.rsp
		generation\Vulkan\vulkan\vulkan_screen\header.txt = generation\Vulkan\vulkan\vulkan_screen\header.txt
		generation\Vulkan\vulkan\vulkan_screen\vulkan-vulkan_screen.h = generation\Vulkan\vulkan\vulkan_screen\vulkan-vulkan_screen.h
	EndProjectSection
EndProject
Project("{2150E333-8FDC-42A3-9474-1A3956D46DE8}") = "vk_video", "vk_video", "{70F5B453-DC97-44B5-B557-22FA8093F38D}"
EndProject
Project("{2150E333-8FDC-42A3-9474-1A3956D46DE8}") = "vk_enum_string_helper", "vk_enum_string_helper", "{678CBA13-C08F-4D99-AA6B-DAD5B0B03DFA}"
	ProjectSection(SolutionItems) = preProject
		generation\Vulkan\vulkan\vk_enum_string_helper\generate.rsp = generation\Vulkan\vulkan\vk_enum_string_helper\generate.rsp
		generation\Vulkan\vulkan\vk_enum_string_helper\header.txt = generation\Vulkan\vulkan\vk_enum_string_helper\header.txt
		generation\Vulkan\vulkan\vk_enum_string_helper\vulkan-vk_enum_string_helper.h = generation\Vulkan\vulkan\vk_enum_string_helper\vulkan-vk_enum_string_helper.h
	EndProjectSection
EndProject
Project("{2150E333-8FDC-42A3-9474-1A3956D46DE8}") = "vulkan_video_codec_h264std", "vulkan_video_codec_h264std", "{12D560FA-F1BD-4E62-A2C7-3518B9D1A6B2}"
	ProjectSection(SolutionItems) = preProject
		generation\Vulkan\vk_video\vulkan_video_codec_h264std\generate.rsp = generation\Vulkan\vk_video\vulkan_video_codec_h264std\generate.rsp
		generation\Vulkan\vk_video\vulkan_video_codec_h264std\header.txt = generation\Vulkan\vk_video\vulkan_video_codec_h264std\header.txt
		generation\Vulkan\vk_video\vulkan_video_codec_h264std\vk_video-vulkan_video_codec_h264std.h = generation\Vulkan\vk_video\vulkan_video_codec_h264std\vk_video-vulkan_video_codec_h264std.h
	EndProjectSection
EndProject
Project("{2150E333-8FDC-42A3-9474-1A3956D46DE8}") = "vulkan_video_codec_h264std_decode", "vulkan_video_codec_h264std_decode", "{32C9C394-6479-4B4F-AF42-7B4C085DE67B}"
	ProjectSection(SolutionItems) = preProject
		generation\Vulkan\vk_video\vulkan_video_codec_h264std_decode\generate.rsp = generation\Vulkan\vk_video\vulkan_video_codec_h264std_decode\generate.rsp
		generation\Vulkan\vk_video\vulkan_video_codec_h264std_decode\header.txt = generation\Vulkan\vk_video\vulkan_video_codec_h264std_decode\header.txt
		generation\Vulkan\vk_video\vulkan_video_codec_h264std_decode\vk_video-vulkan_video_codec_h264std_decode.h = generation\Vulkan\vk_video\vulkan_video_codec_h264std_decode\vk_video-vulkan_video_codec_h264std_decode.h
	EndProjectSection
EndProject
Project("{2150E333-8FDC-42A3-9474-1A3956D46DE8}") = "vulkan_video_codec_h264std_encode", "vulkan_video_codec_h264std_encode", "{9F4D701B-593C-42AC-8EAC-B51950CEB2E4}"
	ProjectSection(SolutionItems) = preProject
		generation\Vulkan\vk_video\vulkan_video_codec_h264std_encode\generate.rsp = generation\Vulkan\vk_video\vulkan_video_codec_h264std_encode\generate.rsp
		generation\Vulkan\vk_video\vulkan_video_codec_h264std_encode\header.txt = generation\Vulkan\vk_video\vulkan_video_codec_h264std_encode\header.txt
		generation\Vulkan\vk_video\vulkan_video_codec_h264std_encode\vk_video-vulkan_video_codec_h264std_encode.h = generation\Vulkan\vk_video\vulkan_video_codec_h264std_encode\vk_video-vulkan_video_codec_h264std_encode.h
	EndProjectSection
EndProject
Project("{2150E333-8FDC-42A3-9474-1A3956D46DE8}") = "vulkan_video_codec_h265std", "vulkan_video_codec_h265std", "{17DF0860-8D75-473C-B506-839226CD8692}"
	ProjectSection(SolutionItems) = preProject
		generation\Vulkan\vk_video\vulkan_video_codec_h265std\generate.rsp = generation\Vulkan\vk_video\vulkan_video_codec_h265std\generate.rsp
		generation\Vulkan\vk_video\vulkan_video_codec_h265std\header.txt = generation\Vulkan\vk_video\vulkan_video_codec_h265std\header.txt
		generation\Vulkan\vk_video\vulkan_video_codec_h265std\vk_video-vulkan_video_codec_h265std.h = generation\Vulkan\vk_video\vulkan_video_codec_h265std\vk_video-vulkan_video_codec_h265std.h
	EndProjectSection
EndProject
Project("{2150E333-8FDC-42A3-9474-1A3956D46DE8}") = "vulkan_video_codec_h265std_decode", "vulkan_video_codec_h265std_decode", "{D29C2169-CA3D-44D4-A3A7-43D5383697A1}"
	ProjectSection(SolutionItems) = preProject
		generation\Vulkan\vk_video\vulkan_video_codec_h265std_decode\generate.rsp = generation\Vulkan\vk_video\vulkan_video_codec_h265std_decode\generate.rsp
		generation\Vulkan\vk_video\vulkan_video_codec_h265std_decode\header.txt = generation\Vulkan\vk_video\vulkan_video_codec_h265std_decode\header.txt
		generation\Vulkan\vk_video\vulkan_video_codec_h265std_decode\vk_video-vulkan_video_codec_h265std_decode.h = generation\Vulkan\vk_video\vulkan_video_codec_h265std_decode\vk_video-vulkan_video_codec_h265std_decode.h
	EndProjectSection
EndProject
Project("{2150E333-8FDC-42A3-9474-1A3956D46DE8}") = "vulkan_video_codecs_common", "vulkan_video_codecs_common", "{B0BE7192-1080-4524-89EE-134E8BA49F43}"
	ProjectSection(SolutionItems) = preProject
		generation\Vulkan\vk_video\vulkan_video_codecs_common\generate.rsp = generation\Vulkan\vk_video\vulkan_video_codecs_common\generate.rsp
		generation\Vulkan\vk_video\vulkan_video_codecs_common\header.txt = generation\Vulkan\vk_video\vulkan_video_codecs_common\header.txt
		generation\Vulkan\vk_video\vulkan_video_codecs_common\vk_video-vulkan_video_codecs_common.h = generation\Vulkan\vk_video\vulkan_video_codecs_common\vk_video-vulkan_video_codecs_common.h
	EndProjectSection
EndProject
Project("{2150E333-8FDC-42A3-9474-1A3956D46DE8}") = "Vulkan", "Vulkan", "{F95949B0-75CD-4B37-BD45-C91EB90EE8D2}"
EndProject
Project("{2150E333-8FDC-42A3-9474-1A3956D46DE8}") = "other", "other", "{359B88FB-0ED5-4135-822B-82350347138C}"
EndProject
Project("{2150E333-8FDC-42A3-9474-1A3956D46DE8}") = "helper-types", "helper-types", "{09775914-ED8B-4F3D-BB35-8D9F30464A8A}"
	ProjectSection(SolutionItems) = preProject
		generation\Vulkan\other\helper-types\generate.rsp = generation\Vulkan\other\helper-types\generate.rsp
		generation\Vulkan\other\helper-types\header.txt = generation\Vulkan\other\helper-types\header.txt
		generation\Vulkan\other\helper-types\other-helper-types.h = generation\Vulkan\other\helper-types\other-helper-types.h
	EndProjectSection
EndProject
Project("{2150E333-8FDC-42A3-9474-1A3956D46DE8}") = "vulkan_video_codec_h265std_encode", "vulkan_video_codec_h265std_encode", "{130AD321-77EC-4B5D-BCDD-708380AB6150}"
	ProjectSection(SolutionItems) = preProject
		generation\Vulkan\vk_video\vulkan_video_codec_h265std_encode\generate.rsp = generation\Vulkan\vk_video\vulkan_video_codec_h265std_encode\generate.rsp
		generation\Vulkan\vk_video\vulkan_video_codec_h265std_encode\header.txt = generation\Vulkan\vk_video\vulkan_video_codec_h265std_encode\header.txt
		generation\Vulkan\vk_video\vulkan_video_codec_h265std_encode\vk_video-vulkan_video_codec_h265std_encode.h = generation\Vulkan\vk_video\vulkan_video_codec_h265std_encode\vk_video-vulkan_video_codec_h265std_encode.h
	EndProjectSection
EndProject
Project("{2150E333-8FDC-42A3-9474-1A3956D46DE8}") = "ISSUE_TEMPLATE", "ISSUE_TEMPLATE", "{634B8A0D-A2BD-4AC3-B56B-B6578E238AA1}"
	ProjectSection(SolutionItems) = preProject
		.github\ISSUE_TEMPLATE\bug.md = .github\ISSUE_TEMPLATE\bug.md
		.github\ISSUE_TEMPLATE\proposal.md = .github\ISSUE_TEMPLATE\proposal.md
		.github\ISSUE_TEMPLATE\regression.md = .github\ISSUE_TEMPLATE\regression.md
	EndProjectSection
EndProject
Project("{2150E333-8FDC-42A3-9474-1A3956D46DE8}") = "vulkan_profiles", "vulkan_profiles", "{191B9CB7-6528-4550-89C7-4F2F52A0FCFD}"
	ProjectSection(SolutionItems) = preProject
		generation\Vulkan\vulkan\vulkan_profiles\generate.rsp = generation\Vulkan\vulkan\vulkan_profiles\generate.rsp
		generation\Vulkan\vulkan\vulkan_profiles\header.txt = generation\Vulkan\vulkan\vulkan_profiles\header.txt
		generation\Vulkan\vulkan\vulkan_profiles\vulkan-vulkan_profiles.h = generation\Vulkan\vulkan\vulkan_profiles\vulkan-vulkan_profiles.h
	EndProjectSection
EndProject
Global
	GlobalSection(SolutionConfigurationPlatforms) = preSolution
		Debug|Any CPU = Debug|Any CPU
		Release|Any CPU = Release|Any CPU
	EndGlobalSection
	GlobalSection(ProjectConfigurationPlatforms) = postSolution
		{C524FB60-CF37-47B5-83DF-5352900AF5D5}.Debug|Any CPU.ActiveCfg = Debug|Any CPU
		{C524FB60-CF37-47B5-83DF-5352900AF5D5}.Debug|Any CPU.Build.0 = Debug|Any CPU
		{C524FB60-CF37-47B5-83DF-5352900AF5D5}.Release|Any CPU.ActiveCfg = Release|Any CPU
		{C524FB60-CF37-47B5-83DF-5352900AF5D5}.Release|Any CPU.Build.0 = Release|Any CPU
		{36F3B9F5-C894-421F-AAB2-20455380E779}.Debug|Any CPU.ActiveCfg = Debug|Any CPU
		{36F3B9F5-C894-421F-AAB2-20455380E779}.Debug|Any CPU.Build.0 = Debug|Any CPU
		{36F3B9F5-C894-421F-AAB2-20455380E779}.Release|Any CPU.ActiveCfg = Release|Any CPU
		{36F3B9F5-C894-421F-AAB2-20455380E779}.Release|Any CPU.Build.0 = Release|Any CPU
	EndGlobalSection
	GlobalSection(SolutionProperties) = preSolution
		HideSolutionNode = FALSE
	EndGlobalSection
	GlobalSection(NestedProjects) = preSolution
		{70FBCFD9-B96E-4E72-B35C-681D9B2DA3D6} = {0B821858-8E47-4485-AC06-D2E971A53EB2}
		{06A829AF-9408-4ACC-9A1E-F23B7F719BD5} = {70FBCFD9-B96E-4E72-B35C-681D9B2DA3D6}
		{C524FB60-CF37-47B5-83DF-5352900AF5D5} = {06A829AF-9408-4ACC-9A1E-F23B7F719BD5}
		{7E31C739-2787-44ED-8304-7EFCEE1A2B2C} = {EFB05081-EC44-49D3-B6D1-52AE42085B5B}
		{2BB35CA0-985E-48D6-B849-A083C15F7F5D} = {7E31C739-2787-44ED-8304-7EFCEE1A2B2C}
		{36F3B9F5-C894-421F-AAB2-20455380E779} = {2BB35CA0-985E-48D6-B849-A083C15F7F5D}
		{5C8448A5-FFD6-4E71-BD87-F22279A5EFE4} = {A60F8633-35FC-4F61-A42A-420ED1BEB2DB}
		{3B55A37B-0519-40BC-9338-1483B0C13AD2} = {A60F8633-35FC-4F61-A42A-420ED1BEB2DB}
		{AE1C8774-7178-4627-99DA-8C5109C29499} = {A60F8633-35FC-4F61-A42A-420ED1BEB2DB}
		{356D5A76-2073-4838-BC96-5A86072E84CF} = {A60F8633-35FC-4F61-A42A-420ED1BEB2DB}
		{686211F7-8AEB-45EA-83E6-3BAC23CE1FC0} = {A60F8633-35FC-4F61-A42A-420ED1BEB2DB}
		{2551C4D8-775C-4A75-A5BB-5528530D55B4} = {A60F8633-35FC-4F61-A42A-420ED1BEB2DB}
		{68AB09B3-9C88-45FB-A8BF-693C15A8DD28} = {A60F8633-35FC-4F61-A42A-420ED1BEB2DB}
		{5D60FBC6-5D94-480C-9627-E9D68CE843EF} = {A60F8633-35FC-4F61-A42A-420ED1BEB2DB}
		{111DC295-53D5-409C-B7E9-8C488196FC72} = {A60F8633-35FC-4F61-A42A-420ED1BEB2DB}
		{BBE2D0C0-5813-4085-B0A5-B5442C165316} = {A60F8633-35FC-4F61-A42A-420ED1BEB2DB}
		{0D57A385-E69C-4F88-910B-DD346172C9EE} = {A60F8633-35FC-4F61-A42A-420ED1BEB2DB}
		{14012392-945B-4E64-94FF-A043FE035F0B} = {A60F8633-35FC-4F61-A42A-420ED1BEB2DB}
		{AFB2FD31-9D96-49AE-BFA3-A1A3150AE386} = {A60F8633-35FC-4F61-A42A-420ED1BEB2DB}
		{CE39443C-CC77-4C5C-A90C-DED73C9F7C61} = {A60F8633-35FC-4F61-A42A-420ED1BEB2DB}
		{5D5E3163-5BDB-4E6B-998D-4C1F5790D600} = {A60F8633-35FC-4F61-A42A-420ED1BEB2DB}
		{00908E61-6A74-478C-ABD1-EA9A04587A42} = {A60F8633-35FC-4F61-A42A-420ED1BEB2DB}
		{5C3C3DDA-9D36-4B31-AF01-175E1381FA32} = {A60F8633-35FC-4F61-A42A-420ED1BEB2DB}
		{0BF30806-FF4A-43D5-9D38-77F44BD727E2} = {A60F8633-35FC-4F61-A42A-420ED1BEB2DB}
		{6B66365D-63B7-4988-89D3-58AB7F372854} = {8B98276D-AB81-4492-81E3-BAB8F9494A99}
		{D2B26392-2F4C-4A6D-AAC9-3DB9F74C0CE9} = {A60F8633-35FC-4F61-A42A-420ED1BEB2DB}
		{A60F8633-35FC-4F61-A42A-420ED1BEB2DB} = {F95949B0-75CD-4B37-BD45-C91EB90EE8D2}
		{277EB067-C8D5-4766-B3AA-BFBCFD06C984} = {A60F8633-35FC-4F61-A42A-420ED1BEB2DB}
		{70F5B453-DC97-44B5-B557-22FA8093F38D} = {F95949B0-75CD-4B37-BD45-C91EB90EE8D2}
		{678CBA13-C08F-4D99-AA6B-DAD5B0B03DFA} = {A60F8633-35FC-4F61-A42A-420ED1BEB2DB}
		{12D560FA-F1BD-4E62-A2C7-3518B9D1A6B2} = {70F5B453-DC97-44B5-B557-22FA8093F38D}
		{32C9C394-6479-4B4F-AF42-7B4C085DE67B} = {70F5B453-DC97-44B5-B557-22FA8093F38D}
		{9F4D701B-593C-42AC-8EAC-B51950CEB2E4} = {70F5B453-DC97-44B5-B557-22FA8093F38D}
		{17DF0860-8D75-473C-B506-839226CD8692} = {70F5B453-DC97-44B5-B557-22FA8093F38D}
		{D29C2169-CA3D-44D4-A3A7-43D5383697A1} = {70F5B453-DC97-44B5-B557-22FA8093F38D}
		{B0BE7192-1080-4524-89EE-134E8BA49F43} = {70F5B453-DC97-44B5-B557-22FA8093F38D}
		{F95949B0-75CD-4B37-BD45-C91EB90EE8D2} = {7AA74179-9EED-497D-83D1-ECDA0DDFA6F7}
		{359B88FB-0ED5-4135-822B-82350347138C} = {F95949B0-75CD-4B37-BD45-C91EB90EE8D2}
		{09775914-ED8B-4F3D-BB35-8D9F30464A8A} = {359B88FB-0ED5-4135-822B-82350347138C}
		{130AD321-77EC-4B5D-BCDD-708380AB6150} = {70F5B453-DC97-44B5-B557-22FA8093F38D}
		{634B8A0D-A2BD-4AC3-B56B-B6578E238AA1} = {8B98276D-AB81-4492-81E3-BAB8F9494A99}
		{191B9CB7-6528-4550-89C7-4F2F52A0FCFD} = {A60F8633-35FC-4F61-A42A-420ED1BEB2DB}
	EndGlobalSection
	GlobalSection(ExtensibilityGlobals) = postSolution
		SolutionGuid = {2FE36DF8-2D9C-4F20-8787-45DC74B57461}
	EndGlobalSection
EndGlobal
