Microsoft Visual Studio Solution File, Format Version 12.00
# Visual Studio Version 16
VisualStudioVersion = 16.0.28721.148
MinimumVisualStudioVersion = 10.0.40219.1
Project("{2150E333-8FDC-42A3-9474-1A3956D46DE8}") = ".root", ".root", "{2F337CB6-0B9E-4765-A277-487E429DE9F1}"
	ProjectSection(SolutionItems) = preProject
		.editorconfig = .editorconfig
		.gitattributes = .gitattributes
		.gitignore = .gitignore
		build.cmd = build.cmd
		build.sh = build.sh
		Directory.Build.props = Directory.Build.props
		Directory.Build.targets = Directory.Build.targets
		LICENSE.md = LICENSE.md
		pack.cmd = pack.cmd
		pack.sh = pack.sh
		restore.cmd = restore.cmd
		restore.sh = restore.sh
		TerraFX.snk = TerraFX.snk
		test.cmd = test.cmd
		test.sh = test.sh
	EndProjectSection
EndProject
Project("{2150E333-8FDC-42A3-9474-1A3956D46DE8}") = "docs", "docs", "{8793898A-6542-4606-AA82-AB14151D2D20}"
	ProjectSection(SolutionItems) = preProject
		docs\CODE_OF_CONDUCT.md = docs\CODE_OF_CONDUCT.md
		docs\CODEOWNERS = docs\CODEOWNERS
		docs\CONTRIBUTING.md = docs\CONTRIBUTING.md
		docs\ISSUE_TEMPLATE.md = docs\ISSUE_TEMPLATE.md
		docs\PULL_REQUEST_TEMPLATE.md = docs\PULL_REQUEST_TEMPLATE.md
		docs\README.md = docs\README.md
	EndProjectSection
EndProject
Project("{2150E333-8FDC-42A3-9474-1A3956D46DE8}") = "sources", "sources", "{0B821858-8E47-4485-AC06-D2E971A53EB2}"
	ProjectSection(SolutionItems) = preProject
		sources\Directory.Build.props = sources\Directory.Build.props
		sources\Directory.Build.targets = sources\Directory.Build.targets
	EndProjectSection
EndProject
Project("{2150E333-8FDC-42A3-9474-1A3956D46DE8}") = "Interop", "Interop", "{70FBCFD9-B96E-4E72-B35C-681D9B2DA3D6}"
	ProjectSection(SolutionItems) = preProject
		sources\Interop\.editorconfig = sources\Interop\.editorconfig
	EndProjectSection
EndProject
Project("{2150E333-8FDC-42A3-9474-1A3956D46DE8}") = "Vulkan", "Vulkan", "{06A829AF-9408-4ACC-9A1E-F23B7F719BD5}"
EndProject
Project("{9A19103F-16F7-4668-BE54-9A1E7A4F7556}") = "TerraFX.Interop.Vulkan", "sources\Interop\Vulkan\TerraFX.Interop.Vulkan.csproj", "{C524FB60-CF37-47B5-83DF-5352900AF5D5}"
EndProject
Project("{2150E333-8FDC-42A3-9474-1A3956D46DE8}") = "tests", "tests", "{EFB05081-EC44-49D3-B6D1-52AE42085B5B}"
	ProjectSection(SolutionItems) = preProject
		tests\Directory.Build.props = tests\Directory.Build.props
		tests\Directory.Build.targets = tests\Directory.Build.targets
	EndProjectSection
EndProject
Project("{2150E333-8FDC-42A3-9474-1A3956D46DE8}") = "Interop", "Interop", "{7E31C739-2787-44ED-8304-7EFCEE1A2B2C}"
EndProject
Project("{2150E333-8FDC-42A3-9474-1A3956D46DE8}") = "Vulkan", "Vulkan", "{2BB35CA0-985E-48D6-B849-A083C15F7F5D}"
EndProject
Project("{9A19103F-16F7-4668-BE54-9A1E7A4F7556}") = "TerraFX.Interop.Vulkan.UnitTests", "tests\Interop\Vulkan\TerraFX.Interop.Vulkan.UnitTests.csproj", "{36F3B9F5-C894-421F-AAB2-20455380E779}"
EndProject
Project("{2150E333-8FDC-42A3-9474-1A3956D46DE8}") = "scripts", "scripts", "{48E1F49D-7103-4DE6-9F69-915183B85095}"
	ProjectSection(SolutionItems) = preProject
		scripts\build.ps1 = scripts\build.ps1
		scripts\build.sh = scripts\build.sh
		scripts\cibuild.cmd = scripts\cibuild.cmd
		scripts\cibuild.sh = scripts\cibuild.sh
	EndProjectSection
EndProject
Project("{2150E333-8FDC-42A3-9474-1A3956D46DE8}") = "generation", "generation", "{7AA74179-9EED-497D-83D1-ECDA0DDFA6F7}"
EndProject
Project("{2150E333-8FDC-42A3-9474-1A3956D46DE8}") = "vk_icd", "vk_icd", "{5C8448A5-FFD6-4E71-BD87-F22279A5EFE4}"
	ProjectSection(SolutionItems) = preProject
		generation\vulkan\vk_icd\generate.rsp = generation\vulkan\vk_icd\generate.rsp
		generation\vulkan\vk_icd\header.txt = generation\vulkan\vk_icd\header.txt
		generation\vulkan\vk_icd\vulkan-vk_icd.h = generation\vulkan\vk_icd\vulkan-vk_icd.h
	EndProjectSection
EndProject
Project("{2150E333-8FDC-42A3-9474-1A3956D46DE8}") = "vk_layer", "vk_layer", "{3B55A37B-0519-40BC-9338-1483B0C13AD2}"
	ProjectSection(SolutionItems) = preProject
		generation\vulkan\vk_layer\generate.rsp = generation\vulkan\vk_layer\generate.rsp
		generation\vulkan\vk_layer\header.txt = generation\vulkan\vk_layer\header.txt
		generation\vulkan\vk_layer\vulkan-vk_layer.h = generation\vulkan\vk_layer\vulkan-vk_layer.h
	EndProjectSection
EndProject
Project("{2150E333-8FDC-42A3-9474-1A3956D46DE8}") = "vulkan_android", "vulkan_android", "{AE1C8774-7178-4627-99DA-8C5109C29499}"
	ProjectSection(SolutionItems) = preProject
		generation\vulkan\vulkan_android\generate.rsp = generation\vulkan\vulkan_android\generate.rsp
		generation\vulkan\vulkan_android\header.txt = generation\vulkan\vulkan_android\header.txt
		generation\vulkan\vulkan_android\vulkan-vulkan_android.h = generation\vulkan\vulkan_android\vulkan-vulkan_android.h
	EndProjectSection
EndProject
Project("{2150E333-8FDC-42A3-9474-1A3956D46DE8}") = "vulkan_core", "vulkan_core", "{356D5A76-2073-4838-BC96-5A86072E84CF}"
	ProjectSection(SolutionItems) = preProject
		generation\vulkan\vulkan_core\generate.rsp = generation\vulkan\vulkan_core\generate.rsp
		generation\vulkan\vulkan_core\header.txt = generation\vulkan\vulkan_core\header.txt
		generation\vulkan\vulkan_core\vulkan-vulkan_core.h = generation\vulkan\vulkan_core\vulkan-vulkan_core.h
	EndProjectSection
EndProject
Project("{2150E333-8FDC-42A3-9474-1A3956D46DE8}") = "vulkan_fuchsia", "vulkan_fuchsia", "{686211F7-8AEB-45EA-83E6-3BAC23CE1FC0}"
	ProjectSection(SolutionItems) = preProject
		generation\vulkan\vulkan_fuchsia\generate.rsp = generation\vulkan\vulkan_fuchsia\generate.rsp
		generation\vulkan\vulkan_fuchsia\header.txt = generation\vulkan\vulkan_fuchsia\header.txt
		generation\vulkan\vulkan_fuchsia\vulkan-vulkan_fuchsia.h = generation\vulkan\vulkan_fuchsia\vulkan-vulkan_fuchsia.h
	EndProjectSection
EndProject
Project("{2150E333-8FDC-42A3-9474-1A3956D46DE8}") = "vulkan_ios", "vulkan_ios", "{2551C4D8-775C-4A75-A5BB-5528530D55B4}"
	ProjectSection(SolutionItems) = preProject
		generation\vulkan\vulkan_ios\generate.rsp = generation\vulkan\vulkan_ios\generate.rsp
		generation\vulkan\vulkan_ios\header.txt = generation\vulkan\vulkan_ios\header.txt
		generation\vulkan\vulkan_ios\vulkan-vulkan_ios.h = generation\vulkan\vulkan_ios\vulkan-vulkan_ios.h
	EndProjectSection
EndProject
Project("{2150E333-8FDC-42A3-9474-1A3956D46DE8}") = "vulkan_macos", "vulkan_macos", "{68AB09B3-9C88-45FB-A8BF-693C15A8DD28}"
	ProjectSection(SolutionItems) = preProject
		generation\vulkan\vulkan_macos\generate.rsp = generation\vulkan\vulkan_macos\generate.rsp
		generation\vulkan\vulkan_macos\header.txt = generation\vulkan\vulkan_macos\header.txt
		generation\vulkan\vulkan_macos\vulkan-vulkan_macos.h = generation\vulkan\vulkan_macos\vulkan-vulkan_macos.h
	EndProjectSection
EndProject
Project("{2150E333-8FDC-42A3-9474-1A3956D46DE8}") = "vulkan_metal", "vulkan_metal", "{5D60FBC6-5D94-480C-9627-E9D68CE843EF}"
	ProjectSection(SolutionItems) = preProject
		generation\vulkan\vulkan_metal\generate.rsp = generation\vulkan\vulkan_metal\generate.rsp
		generation\vulkan\vulkan_metal\header.txt = generation\vulkan\vulkan_metal\header.txt
		generation\vulkan\vulkan_metal\vulkan-vulkan_metal.h = generation\vulkan\vulkan_metal\vulkan-vulkan_metal.h
	EndProjectSection
EndProject
Project("{2150E333-8FDC-42A3-9474-1A3956D46DE8}") = "vulkan_vi", "vulkan_vi", "{111DC295-53D5-409C-B7E9-8C488196FC72}"
	ProjectSection(SolutionItems) = preProject
		generation\vulkan\vulkan_vi\generate.rsp = generation\vulkan\vulkan_vi\generate.rsp
		generation\vulkan\vulkan_vi\header.txt = generation\vulkan\vulkan_vi\header.txt
		generation\vulkan\vulkan_vi\vulkan-vulkan_vi.h = generation\vulkan\vulkan_vi\vulkan-vulkan_vi.h
	EndProjectSection
EndProject
Project("{2150E333-8FDC-42A3-9474-1A3956D46DE8}") = "vulkan_wayland", "vulkan_wayland", "{BBE2D0C0-5813-4085-B0A5-B5442C165316}"
	ProjectSection(SolutionItems) = preProject
		generation\vulkan\vulkan_wayland\generate.rsp = generation\vulkan\vulkan_wayland\generate.rsp
		generation\vulkan\vulkan_wayland\header.txt = generation\vulkan\vulkan_wayland\header.txt
		generation\vulkan\vulkan_wayland\vulkan-vulkan_wayland.h = generation\vulkan\vulkan_wayland\vulkan-vulkan_wayland.h
	EndProjectSection
EndProject
Project("{2150E333-8FDC-42A3-9474-1A3956D46DE8}") = "vulkan_win32", "vulkan_win32", "{0D57A385-E69C-4F88-910B-DD346172C9EE}"
	ProjectSection(SolutionItems) = preProject
		generation\vulkan\vulkan_win32\generate.rsp = generation\vulkan\vulkan_win32\generate.rsp
		generation\vulkan\vulkan_win32\header.txt = generation\vulkan\vulkan_win32\header.txt
		generation\vulkan\vulkan_win32\vulkan-vulkan_win32.h = generation\vulkan\vulkan_win32\vulkan-vulkan_win32.h
	EndProjectSection
EndProject
Project("{2150E333-8FDC-42A3-9474-1A3956D46DE8}") = "vulkan_xlib", "vulkan_xlib", "{14012392-945B-4E64-94FF-A043FE035F0B}"
	ProjectSection(SolutionItems) = preProject
		generation\vulkan\vulkan_xlib\generate.rsp = generation\vulkan\vulkan_xlib\generate.rsp
		generation\vulkan\vulkan_xlib\header.txt = generation\vulkan\vulkan_xlib\header.txt
		generation\vulkan\vulkan_xlib\vulkan-vulkan_xlib.h = generation\vulkan\vulkan_xlib\vulkan-vulkan_xlib.h
	EndProjectSection
EndProject
Project("{2150E333-8FDC-42A3-9474-1A3956D46DE8}") = "vulkan_xcb", "vulkan_xcb", "{AFB2FD31-9D96-49AE-BFA3-A1A3150AE386}"
	ProjectSection(SolutionItems) = preProject
		generation\vulkan\vulkan_xcb\generate.rsp = generation\vulkan\vulkan_xcb\generate.rsp
		generation\vulkan\vulkan_xcb\header.txt = generation\vulkan\vulkan_xcb\header.txt
		generation\vulkan\vulkan_xcb\vulkan-vulkan_xcb.h = generation\vulkan\vulkan_xcb\vulkan-vulkan_xcb.h
	EndProjectSection
EndProject
Project("{2150E333-8FDC-42A3-9474-1A3956D46DE8}") = "vulkan_xlib_xrandr", "vulkan_xlib_xrandr", "{CE39443C-CC77-4C5C-A90C-DED73C9F7C61}"
	ProjectSection(SolutionItems) = preProject
		generation\vulkan\vulkan_xlib_xrandr\generate.rsp = generation\vulkan\vulkan_xlib_xrandr\generate.rsp
		generation\vulkan\vulkan_xlib_xrandr\header.txt = generation\vulkan\vulkan_xlib_xrandr\header.txt
		generation\vulkan\vulkan_xlib_xrandr\vulkan-vulkan_xlib_xrandr.h = generation\vulkan\vulkan_xlib_xrandr\vulkan-vulkan_xlib_xrandr.h
	EndProjectSection
EndProject
Project("{2150E333-8FDC-42A3-9474-1A3956D46DE8}") = "vk_platform", "vk_platform", "{5D5E3163-5BDB-4E6B-998D-4C1F5790D600}"
	ProjectSection(SolutionItems) = preProject
		generation\vulkan\vk_platform\generate.rsp = generation\vulkan\vk_platform\generate.rsp
		generation\vulkan\vk_platform\header.txt = generation\vulkan\vk_platform\header.txt
		generation\vulkan\vk_platform\vulkan-vk_platform.h = generation\vulkan\vk_platform\vulkan-vk_platform.h
	EndProjectSection
EndProject
Project("{2150E333-8FDC-42A3-9474-1A3956D46DE8}") = "vk_sdk_platform", "vk_sdk_platform", "{728DCD9A-AF3B-40C2-A3E6-02AB8C40D5CC}"
	ProjectSection(SolutionItems) = preProject
		generation\vulkan\vk_sdk_platform\generate.rsp = generation\vulkan\vk_sdk_platform\generate.rsp
		generation\vulkan\vk_sdk_platform\header.txt = generation\vulkan\vk_sdk_platform\header.txt
		generation\vulkan\vk_sdk_platform\vulkan-vk_sdk_platform.h = generation\vulkan\vk_sdk_platform\vulkan-vk_sdk_platform.h
	EndProjectSection
EndProject
Project("{2150E333-8FDC-42A3-9474-1A3956D46DE8}") = "vulkan", "vulkan", "{00908E61-6A74-478C-ABD1-EA9A04587A42}"
	ProjectSection(SolutionItems) = preProject
		generation\vulkan\vulkan\generate.rsp = generation\vulkan\vulkan\generate.rsp
		generation\vulkan\vulkan\header.txt = generation\vulkan\vulkan\header.txt
		generation\vulkan\vulkan\vulkan-vulkan.h = generation\vulkan\vulkan\vulkan-vulkan.h
	EndProjectSection
EndProject
Project("{2150E333-8FDC-42A3-9474-1A3956D46DE8}") = "vulkan_beta", "vulkan_beta", "{5C3C3DDA-9D36-4B31-AF01-175E1381FA32}"
	ProjectSection(SolutionItems) = preProject
		generation\vulkan\vulkan_beta\generate.rsp = generation\vulkan\vulkan_beta\generate.rsp
		generation\vulkan\vulkan_beta\header.txt = generation\vulkan\vulkan_beta\header.txt
		generation\vulkan\vulkan_beta\vulkan-vulkan_beta.h = generation\vulkan\vulkan_beta\vulkan-vulkan_beta.h
	EndProjectSection
EndProject
Project("{2150E333-8FDC-42A3-9474-1A3956D46DE8}") = "vulkan_ggp", "vulkan_ggp", "{0BF30806-FF4A-43D5-9D38-77F44BD727E2}"
	ProjectSection(SolutionItems) = preProject
		generation\vulkan\vulkan_ggp\generate.rsp = generation\vulkan\vulkan_ggp\generate.rsp
		generation\vulkan\vulkan_ggp\header.txt = generation\vulkan\vulkan_ggp\header.txt
		generation\vulkan\vulkan_ggp\vulkan-vulkan_ggp.h = generation\vulkan\vulkan_ggp\vulkan-vulkan_ggp.h
	EndProjectSection
EndProject
Project("{2150E333-8FDC-42A3-9474-1A3956D46DE8}") = ".github", ".github", "{8B98276D-AB81-4492-81E3-BAB8F9494A99}"
EndProject
Project("{2150E333-8FDC-42A3-9474-1A3956D46DE8}") = "workflows", "workflows", "{6B66365D-63B7-4988-89D3-58AB7F372854}"
	ProjectSection(SolutionItems) = preProject
		.github\workflows\ci.yml = .github\workflows\ci.yml
	EndProjectSection
EndProject
Global
	GlobalSection(SolutionConfigurationPlatforms) = preSolution
		Debug|Any CPU = Debug|Any CPU
		Release|Any CPU = Release|Any CPU
	EndGlobalSection
	GlobalSection(ProjectConfigurationPlatforms) = postSolution
		{C524FB60-CF37-47B5-83DF-5352900AF5D5}.Debug|Any CPU.ActiveCfg = Debug|Any CPU
		{C524FB60-CF37-47B5-83DF-5352900AF5D5}.Debug|Any CPU.Build.0 = Debug|Any CPU
		{C524FB60-CF37-47B5-83DF-5352900AF5D5}.Release|Any CPU.ActiveCfg = Release|Any CPU
		{C524FB60-CF37-47B5-83DF-5352900AF5D5}.Release|Any CPU.Build.0 = Release|Any CPU
		{36F3B9F5-C894-421F-AAB2-20455380E779}.Debug|Any CPU.ActiveCfg = Debug|Any CPU
		{36F3B9F5-C894-421F-AAB2-20455380E779}.Debug|Any CPU.Build.0 = Debug|Any CPU
		{36F3B9F5-C894-421F-AAB2-20455380E779}.Release|Any CPU.ActiveCfg = Release|Any CPU
		{36F3B9F5-C894-421F-AAB2-20455380E779}.Release|Any CPU.Build.0 = Release|Any CPU
	EndGlobalSection
	GlobalSection(SolutionProperties) = preSolution
		HideSolutionNode = FALSE
	EndGlobalSection
	GlobalSection(NestedProjects) = preSolution
		{70FBCFD9-B96E-4E72-B35C-681D9B2DA3D6} = {0B821858-8E47-4485-AC06-D2E971A53EB2}
		{06A829AF-9408-4ACC-9A1E-F23B7F719BD5} = {70FBCFD9-B96E-4E72-B35C-681D9B2DA3D6}
		{C524FB60-CF37-47B5-83DF-5352900AF5D5} = {06A829AF-9408-4ACC-9A1E-F23B7F719BD5}
		{7E31C739-2787-44ED-8304-7EFCEE1A2B2C} = {EFB05081-EC44-49D3-B6D1-52AE42085B5B}
		{2BB35CA0-985E-48D6-B849-A083C15F7F5D} = {7E31C739-2787-44ED-8304-7EFCEE1A2B2C}
		{36F3B9F5-C894-421F-AAB2-20455380E779} = {2BB35CA0-985E-48D6-B849-A083C15F7F5D}
		{5C8448A5-FFD6-4E71-BD87-F22279A5EFE4} = {7AA74179-9EED-497D-83D1-ECDA0DDFA6F7}
		{3B55A37B-0519-40BC-9338-1483B0C13AD2} = {7AA74179-9EED-497D-83D1-ECDA0DDFA6F7}
		{AE1C8774-7178-4627-99DA-8C5109C29499} = {7AA74179-9EED-497D-83D1-ECDA0DDFA6F7}
		{356D5A76-2073-4838-BC96-5A86072E84CF} = {7AA74179-9EED-497D-83D1-ECDA0DDFA6F7}
		{686211F7-8AEB-45EA-83E6-3BAC23CE1FC0} = {7AA74179-9EED-497D-83D1-ECDA0DDFA6F7}
		{2551C4D8-775C-4A75-A5BB-5528530D55B4} = {7AA74179-9EED-497D-83D1-ECDA0DDFA6F7}
		{68AB09B3-9C88-45FB-A8BF-693C15A8DD28} = {7AA74179-9EED-497D-83D1-ECDA0DDFA6F7}
		{5D60FBC6-5D94-480C-9627-E9D68CE843EF} = {7AA74179-9EED-497D-83D1-ECDA0DDFA6F7}
		{111DC295-53D5-409C-B7E9-8C488196FC72} = {7AA74179-9EED-497D-83D1-ECDA0DDFA6F7}
		{BBE2D0C0-5813-4085-B0A5-B5442C165316} = {7AA74179-9EED-497D-83D1-ECDA0DDFA6F7}
		{0D57A385-E69C-4F88-910B-DD346172C9EE} = {7AA74179-9EED-497D-83D1-ECDA0DDFA6F7}
		{14012392-945B-4E64-94FF-A043FE035F0B} = {7AA74179-9EED-497D-83D1-ECDA0DDFA6F7}
		{AFB2FD31-9D96-49AE-BFA3-A1A3150AE386} = {7AA74179-9EED-497D-83D1-ECDA0DDFA6F7}
		{CE39443C-CC77-4C5C-A90C-DED73C9F7C61} = {7AA74179-9EED-497D-83D1-ECDA0DDFA6F7}
		{5D5E3163-5BDB-4E6B-998D-4C1F5790D600} = {7AA74179-9EED-497D-83D1-ECDA0DDFA6F7}
		{728DCD9A-AF3B-40C2-A3E6-02AB8C40D5CC} = {7AA74179-9EED-497D-83D1-ECDA0DDFA6F7}
		{00908E61-6A74-478C-ABD1-EA9A04587A42} = {7AA74179-9EED-497D-83D1-ECDA0DDFA6F7}
		{5C3C3DDA-9D36-4B31-AF01-175E1381FA32} = {7AA74179-9EED-497D-83D1-ECDA0DDFA6F7}
		{0BF30806-FF4A-43D5-9D38-77F44BD727E2} = {7AA74179-9EED-497D-83D1-ECDA0DDFA6F7}
		{6B66365D-63B7-4988-89D3-58AB7F372854} = {8B98276D-AB81-4492-81E3-BAB8F9494A99}
	EndGlobalSection
	GlobalSection(ExtensibilityGlobals) = postSolution
		SolutionGuid = {2FE36DF8-2D9C-4F20-8787-45DC74B57461}
	EndGlobalSection
EndGlobal
